
Microsoft Visual Studio Solution File, Format Version 12.00
Project("{FAE04EC0-301F-11D3-BF4B-00C04F79EFBC}") = "TourneyInfo", "TourneyInfo.csproj", "{8893252C-5FCA-4F4D-87FB-1356CE565D31}"
EndProject
Global
	GlobalSection(SolutionConfigurationPlatforms) = preSolution
		Debug|Any CPU = Debug|Any CPU
		Release|Any CPU = Release|Any CPU
	EndGlobalSection
	GlobalSection(ProjectConfigurationPlatforms) = postSolution
		{8893252C-5FCA-4F4D-87FB-1356CE565D31}.Debug|Any CPU.ActiveCfg = Debug|Any CPU
		{8893252C-5FCA-4F4D-87FB-1356CE565D31}.Debug|Any CPU.Build.0 = Debug|Any CPU
		{8893252C-5FCA-4F4D-87FB-1356CE565D31}.Release|Any CPU.ActiveCfg = Release|Any CPU
		{8893252C-5FCA-4F4D-87FB-1356CE565D31}.Release|Any CPU.Build.0 = Release|Any CPU
	EndGlobalSection
EndGlobal
